<?xml version="1.0" encoding="utf-8"?>
<Project ToolsVersion="4.0" xmlns="http://schemas.microsoft.com/developer/msbuild/2003">
  <ItemGroup>
    <Filter Include="Source Files">
      <UniqueIdentifier>{4FC737F1-C7A5-4376-A066-2A32D752A2FF}</UniqueIdentifier>
      <Extensions>cpp;c;cc;cxx;def;odl;idl;hpj;bat;asm;asmx</Extensions>
    </Filter>
    <Filter Include="Header Files">
      <UniqueIdentifier>{93995380-89BD-4b04-88EB-625FBE52EBFB}</UniqueIdentifier>
      <Extensions>h;hh;hpp;hxx;hm;inl;inc;xsd</Extensions>
    </Filter>
    <Filter Include="Resource Files">
      <UniqueIdentifier>{67DA6AB6-F800-4c08-8B7A-83BB121AAD01}</UniqueIdentifier>
      <Extensions>rc;ico;cur;bmp;dlg;rc2;rct;bin;rgs;gif;jpg;jpeg;jpe;resx;tiff;tif;png;wav;mfcribbon-ms</Extensions>
    </Filter>
    <Filter Include="Shader">
      <UniqueIdentifier>{8e0e7543-8329-42d8-a2e5-c872d029edc0}</UniqueIdentifier>
    </Filter>
  </ItemGroup>
  <ItemGroup>
    <ClInclude Include="src/stdafx.h">
      <Filter>Header Files</Filter>
    </ClInclude>
    <ClInclude Include="src/targetver.h">
      <Filter>Header Files</Filter>
    </ClInclude>
    <ClInclude Include="src/GlobalAppState.h">
      <Filter>Header Files</Filter>
    </ClInclude>
    <ClInclude Include="src/mLibInclude.h">
      <Filter>Header Files</Filter>
    </ClInclude>
    <ClInclude Include="src/Visualizer.h">
      <Filter>Header Files</Filter>
    </ClInclude>
    <ClInclude Include="src/Scene.h">
      <Filter>Header Files</Filter>
    </ClInclude>
    <ClInclude Include="src/VoxelGrid.h">
      <Filter>Header Files</Filter>
    </ClInclude>
    <ClInclude Include="src/Tables.h">
      <Filter>Source Files</Filter>
    </ClInclude>
    <ClInclude Include="src/MarchingCubes.h">
      <Filter>Header Files</Filter>
    </ClInclude>
    <ClInclude Include="src/Fuser.h">
      <Filter>Header Files</Filter>
    </ClInclude>
    <ClInclude Include="src/SimpleMaterial.h">
      <Filter>Header Files</Filter>
    </ClInclude>
    <ClInclude Include="src/MeshDirectory.h">
      <Filter>Header Files</Filter>
    </ClInclude>
    <ClInclude Include="src/TrajectoryGenerator.h">
      <Filter>Header Files</Filter>
    </ClInclude>
  </ItemGroup>
  <ItemGroup>
    <ClCompile Include="src/stdafx.cpp">
      <Filter>Source Files</Filter>
    </ClCompile>
    <ClCompile Include="src/main.cpp">
      <Filter>Source Files</Filter>
    </ClCompile>
    <ClCompile Include="src/Visualizer.cpp">
      <Filter>Source Files</Filter>
    </ClCompile>
    <ClCompile Include="src/Scene.cpp">
      <Filter>Source Files</Filter>
    </ClCompile>
    <ClCompile Include="src/VoxelGrid.cpp">
      <Filter>Source Files</Filter>
    </ClCompile>
    <ClCompile Include="src/MarchingCubes.cpp">
      <Filter>Source Files</Filter>
    </ClCompile>
    <ClCompile Include="src/Fuser.cpp">
      <Filter>Source Files</Filter>
    </ClCompile>
    <ClCompile Include="src/SimpleMaterial.cpp">
      <Filter>Source Files</Filter>
    </ClCompile>
    <ClCompile Include="src/TrajectoryGenerator.cpp">
      <Filter>Source Files</Filter>
    </ClCompile>
  </ItemGroup>
  <ItemGroup>
    <FxCompile Include="shaders\specular.hlsl">
      <Filter>Shader</Filter>
    </FxCompile>
    <FxCompile Include="shaders\test.hlsl">
      <Filter>Shader</Filter>
    </FxCompile>
    <FxCompile Include="shaders\depthOnly.hlsl">
      <Filter>Shader</Filter>
    </FxCompile>
  </ItemGroup>
  <ItemGroup>
    <Text Include="zParametersDefault.txt">
      <Filter>Resource Files</Filter>
    </Text>
  </ItemGroup>
</Project>